
Microsoft Visual Studio Solution File, Format Version 12.00
# Visual Studio Version 17
VisualStudioVersion = 17.9.34616.47
MinimumVisualStudioVersion = 10.0.40219.1
Project("{FAE04EC0-301F-11D3-BF4B-00C04F79EFBC}") = "SeleniumContactbookTests", "SeleniumContactbookTests\SeleniumContactbookTests.csproj", "{7FBA1965-EB09-431A-978A-F8EEE7656BAB}"
EndProject
Global
	GlobalSection(SolutionConfigurationPlatforms) = preSolution
		Debug|Any CPU = Debug|Any CPU
		Release|Any CPU = Release|Any CPU
	EndGlobalSection
	GlobalSection(ProjectConfigurationPlatforms) = postSolution
		{7FBA1965-EB09-431A-978A-F8EEE7656BAB}.Debug|Any CPU.ActiveCfg = Debug|Any CPU
		{7FBA1965-EB09-431A-978A-F8EEE7656BAB}.Debug|Any CPU.Build.0 = Debug|Any CPU
		{7FBA1965-EB09-431A-978A-F8EEE7656BAB}.Release|Any CPU.ActiveCfg = Release|Any CPU
		{7FBA1965-EB09-431A-978A-F8EEE7656BAB}.Release|Any CPU.Build.0 = Release|Any CPU
	EndGlobalSection
	GlobalSection(SolutionProperties) = preSolution
		HideSolutionNode = FALSE
	EndGlobalSection
	GlobalSection(ExtensibilityGlobals) = postSolution
		SolutionGuid = {4830982F-B22D-49C0-8623-0401776D570B}
	EndGlobalSection
EndGlobal
